// !$*UTF8*$!
{
	archiveVersion = 1;
	classes = {
	};
	objectVersion = 50;
	objects = {

/* Begin PBXBuildFile section */
		1111B59B21324ACD007B613C /* AppDelegate.swift in Sources */ = {isa = PBXBuildFile; fileRef = 1111B59A21324ACD007B613C /* AppDelegate.swift */; };
		1111B59D21324ACE007B613C /* SetViewController.swift in Sources */ = {isa = PBXBuildFile; fileRef = 1111B59C21324ACE007B613C /* SetViewController.swift */; };
		1111B5A021324ACE007B613C /* Main.storyboard in Resources */ = {isa = PBXBuildFile; fileRef = 1111B59E21324ACE007B613C /* Main.storyboard */; };
		1111B5A221324ACF007B613C /* Assets.xcassets in Resources */ = {isa = PBXBuildFile; fileRef = 1111B5A121324ACF007B613C /* Assets.xcassets */; };
		1111B5A521324ACF007B613C /* LaunchScreen.storyboard in Resources */ = {isa = PBXBuildFile; fileRef = 1111B5A321324ACF007B613C /* LaunchScreen.storyboard */; };
		1111B5AF21324D9B007B613C /* Set.swift in Sources */ = {isa = PBXBuildFile; fileRef = 1111B5AE21324D9B007B613C /* Set.swift */; };
		1111B5B121324EC1007B613C /* Card.swift in Sources */ = {isa = PBXBuildFile; fileRef = 1111B5B021324EC1007B613C /* Card.swift */; };
		113382F82154329200D0B7EE /* CardButton.swift in Sources */ = {isa = PBXBuildFile; fileRef = 113382F72154329200D0B7EE /* CardButton.swift */; };
		113382FC215AE4D400D0B7EE /* SettingsViewController.swift in Sources */ = {isa = PBXBuildFile; fileRef = 113382FB215AE4D400D0B7EE /* SettingsViewController.swift */; };
		11338302215B0A7100D0B7EE /* ColorPickerViewController.swift in Sources */ = {isa = PBXBuildFile; fileRef = 11338301215B0A7100D0B7EE /* ColorPickerViewController.swift */; };
		11338304215B0A7A00D0B7EE /* colorPalette.plist in Resources */ = {isa = PBXBuildFile; fileRef = 11338303215B0A7A00D0B7EE /* colorPalette.plist */; };
		11338306215B329800D0B7EE /* SettingsSingleton.swift in Sources */ = {isa = PBXBuildFile; fileRef = 11338305215B329800D0B7EE /* SettingsSingleton.swift */; };
/* End PBXBuildFile section */

/* Begin PBXFileReference section */
		1111B59721324ACD007B613C /* Set.app */ = {isa = PBXFileReference; explicitFileType = wrapper.application; includeInIndex = 0; path = Set.app; sourceTree = BUILT_PRODUCTS_DIR; };
		1111B59A21324ACD007B613C /* AppDelegate.swift */ = {isa = PBXFileReference; lastKnownFileType = sourcecode.swift; path = AppDelegate.swift; sourceTree = "<group>"; };
		1111B59C21324ACE007B613C /* SetViewController.swift */ = {isa = PBXFileReference; lastKnownFileType = sourcecode.swift; path = SetViewController.swift; sourceTree = "<group>"; };
		1111B59F21324ACE007B613C /* Base */ = {isa = PBXFileReference; lastKnownFileType = file.storyboard; name = Base; path = Base.lproj/Main.storyboard; sourceTree = "<group>"; };
		1111B5A121324ACF007B613C /* Assets.xcassets */ = {isa = PBXFileReference; lastKnownFileType = folder.assetcatalog; path = Assets.xcassets; sourceTree = "<group>"; };
		1111B5A421324ACF007B613C /* Base */ = {isa = PBXFileReference; lastKnownFileType = file.storyboard; name = Base; path = Base.lproj/LaunchScreen.storyboard; sourceTree = "<group>"; };
		1111B5A621324ACF007B613C /* Info.plist */ = {isa = PBXFileReference; lastKnownFileType = text.plist.xml; path = Info.plist; sourceTree = "<group>"; };
		1111B5AE21324D9B007B613C /* Set.swift */ = {isa = PBXFileReference; lastKnownFileType = sourcecode.swift; path = Set.swift; sourceTree = "<group>"; };
		1111B5B021324EC1007B613C /* Card.swift */ = {isa = PBXFileReference; lastKnownFileType = sourcecode.swift; path = Card.swift; sourceTree = "<group>"; };
		113382F72154329200D0B7EE /* CardButton.swift */ = {isa = PBXFileReference; lastKnownFileType = sourcecode.swift; path = CardButton.swift; sourceTree = "<group>"; };
		113382FB215AE4D400D0B7EE /* SettingsViewController.swift */ = {isa = PBXFileReference; lastKnownFileType = sourcecode.swift; path = SettingsViewController.swift; sourceTree = "<group>"; };
		11338301215B0A7100D0B7EE /* ColorPickerViewController.swift */ = {isa = PBXFileReference; fileEncoding = 4; lastKnownFileType = sourcecode.swift; path = ColorPickerViewController.swift; sourceTree = "<group>"; };
		11338303215B0A7A00D0B7EE /* colorPalette.plist */ = {isa = PBXFileReference; fileEncoding = 4; lastKnownFileType = text.plist.xml; path = colorPalette.plist; sourceTree = "<group>"; };
		11338305215B329800D0B7EE /* SettingsSingleton.swift */ = {isa = PBXFileReference; lastKnownFileType = sourcecode.swift; path = SettingsSingleton.swift; sourceTree = "<group>"; };
/* End PBXFileReference section */

/* Begin PBXFrameworksBuildPhase section */
		1111B59421324ACD007B613C /* Frameworks */ = {
			isa = PBXFrameworksBuildPhase;
			buildActionMask = 2147483647;
			files = (
			);
			runOnlyForDeploymentPostprocessing = 0;
		};
/* End PBXFrameworksBuildPhase section */

/* Begin PBXGroup section */
		1111B58E21324ACD007B613C = {
			isa = PBXGroup;
			children = (
				1111B59921324ACD007B613C /* Set */,
				1111B59821324ACD007B613C /* Products */,
			);
			sourceTree = "<group>";
		};
		1111B59821324ACD007B613C /* Products */ = {
			isa = PBXGroup;
			children = (
				1111B59721324ACD007B613C /* Set.app */,
			);
			name = Products;
			sourceTree = "<group>";
		};
		1111B59921324ACD007B613C /* Set */ = {
			isa = PBXGroup;
			children = (
				1111B5AE21324D9B007B613C /* Set.swift */,
				1111B5B021324EC1007B613C /* Card.swift */,
				113382F72154329200D0B7EE /* CardButton.swift */,
				1111B59A21324ACD007B613C /* AppDelegate.swift */,
				1111B59C21324ACE007B613C /* SetViewController.swift */,
				113382FB215AE4D400D0B7EE /* SettingsViewController.swift */,
				11338301215B0A7100D0B7EE /* ColorPickerViewController.swift */,
				11338305215B329800D0B7EE /* SettingsSingleton.swift */,
				1111B59E21324ACE007B613C /* Main.storyboard */,
				1111B5A121324ACF007B613C /* Assets.xcassets */,
				1111B5A321324ACF007B613C /* LaunchScreen.storyboard */,
				11338303215B0A7A00D0B7EE /* colorPalette.plist */,
				1111B5A621324ACF007B613C /* Info.plist */,
			);
			path = Set;
			sourceTree = "<group>";
		};
/* End PBXGroup section */

/* Begin PBXNativeTarget section */
		1111B59621324ACD007B613C /* Set */ = {
			isa = PBXNativeTarget;
			buildConfigurationList = 1111B5A921324ACF007B613C /* Build configuration list for PBXNativeTarget "Set" */;
			buildPhases = (
				1111B59321324ACD007B613C /* Sources */,
				1111B59421324ACD007B613C /* Frameworks */,
				1111B59521324ACD007B613C /* Resources */,
			);
			buildRules = (
			);
			dependencies = (
			);
			name = Set;
			productName = Set;
			productReference = 1111B59721324ACD007B613C /* Set.app */;
			productType = "com.apple.product-type.application";
		};
/* End PBXNativeTarget section */

/* Begin PBXProject section */
		1111B58F21324ACD007B613C /* Project object */ = {
			isa = PBXProject;
			attributes = {
				LastSwiftUpdateCheck = 0940;
				LastUpgradeCheck = 0940;
				ORGANIZATIONNAME = "Tommy Howell";
				TargetAttributes = {
					1111B59621324ACD007B613C = {
						CreatedOnToolsVersion = 9.4.1;
						LastSwiftMigration = 1000;
					};
				};
			};
			buildConfigurationList = 1111B59221324ACD007B613C /* Build configuration list for PBXProject "Set" */;
			compatibilityVersion = "Xcode 9.3";
			developmentRegion = en;
			hasScannedForEncodings = 0;
			knownRegions = (
				en,
				Base,
			);
			mainGroup = 1111B58E21324ACD007B613C;
			productRefGroup = 1111B59821324ACD007B613C /* Products */;
			projectDirPath = "";
			projectRoot = "";
			targets = (
				1111B59621324ACD007B613C /* Set */,
			);
		};
/* End PBXProject section */

/* Begin PBXResourcesBuildPhase section */
		1111B59521324ACD007B613C /* Resources */ = {
			isa = PBXResourcesBuildPhase;
			buildActionMask = 2147483647;
			files = (
				1111B5A521324ACF007B613C /* LaunchScreen.storyboard in Resources */,
				1111B5A221324ACF007B613C /* Assets.xcassets in Resources */,
				11338304215B0A7A00D0B7EE /* colorPalette.plist in Resources */,
				1111B5A021324ACE007B613C /* Main.storyboard in Resources */,
			);
			runOnlyForDeploymentPostprocessing = 0;
		};
/* End PBXResourcesBuildPhase section */

/* Begin PBXSourcesBuildPhase section */
		1111B59321324ACD007B613C /* Sources */ = {
			isa = PBXSourcesBuildPhase;
			buildActionMask = 2147483647;
			files = (
				1111B59D21324ACE007B613C /* SetViewController.swift in Sources */,
				1111B59B21324ACD007B613C /* AppDelegate.swift in Sources */,
				1111B5AF21324D9B007B613C /* Set.swift in Sources */,
				11338302215B0A7100D0B7EE /* ColorPickerViewController.swift in Sources */,
				1111B5B121324EC1007B613C /* Card.swift in Sources */,
				113382F82154329200D0B7EE /* CardButton.swift in Sources */,
				11338306215B329800D0B7EE /* SettingsSingleton.swift in Sources */,
				113382FC215AE4D400D0B7EE /* SettingsViewController.swift in Sources */,
			);
			runOnlyForDeploymentPostprocessing = 0;
		};
/* End PBXSourcesBuildPhase section */

/* Begin PBXVariantGroup section */
		1111B59E21324ACE007B613C /* Main.storyboard */ = {
			isa = PBXVariantGroup;
			children = (
				1111B59F21324ACE007B613C /* Base */,
			);
			name = Main.storyboard;
			sourceTree = "<group>";
		};
		1111B5A321324ACF007B613C /* LaunchScreen.storyboard */ = {
			isa = PBXVariantGroup;
			children = (
				1111B5A421324ACF007B613C /* Base */,
			);
			name = LaunchScreen.storyboard;
			sourceTree = "<group>";
		};
/* End PBXVariantGroup section */

/* Begin XCBuildConfiguration section */
		1111B5A721324ACF007B613C /* Debug */ = {
			isa = XCBuildConfiguration;
			buildSettings = {
				ALWAYS_SEARCH_USER_PATHS = NO;
				CLANG_ANALYZER_NONNULL = YES;
				CLANG_ANALYZER_NUMBER_OBJECT_CONVERSION = YES_AGGRESSIVE;
				CLANG_CXX_LANGUAGE_STANDARD = "gnu++14";
				CLANG_CXX_LIBRARY = "libc++";
				CLANG_ENABLE_MODULES = YES;
				CLANG_ENABLE_OBJC_ARC = YES;
				CLANG_ENABLE_OBJC_WEAK = YES;
				CLANG_WARN_BLOCK_CAPTURE_AUTORELEASING = YES;
				CLANG_WARN_BOOL_CONVERSION = YES;
				CLANG_WARN_COMMA = YES;
				CLANG_WARN_CONSTANT_CONVERSION = YES;
				CLANG_WARN_DEPRECATED_OBJC_IMPLEMENTATIONS = YES;
				CLANG_WARN_DIRECT_OBJC_ISA_USAGE = YES_ERROR;
				CLANG_WARN_DOCUMENTATION_COMMENTS = YES;
				CLANG_WARN_EMPTY_BODY = YES;
				CLANG_WARN_ENUM_CONVERSION = YES;
				CLANG_WARN_INFINITE_RECURSION = YES;
				CLANG_WARN_INT_CONVERSION = YES;
				CLANG_WARN_NON_LITERAL_NULL_CONVERSION = YES;
				CLANG_WARN_OBJC_IMPLICIT_RETAIN_SELF = YES;
				CLANG_WARN_OBJC_LITERAL_CONVERSION = YES;
				CLANG_WARN_OBJC_ROOT_CLASS = YES_ERROR;
				CLANG_WARN_RANGE_LOOP_ANALYSIS = YES;
				CLANG_WARN_STRICT_PROTOTYPES = YES;
				CLANG_WARN_SUSPICIOUS_MOVE = YES;
				CLANG_WARN_UNGUARDED_AVAILABILITY = YES_AGGRESSIVE;
				CLANG_WARN_UNREACHABLE_CODE = YES;
				CLANG_WARN__DUPLICATE_METHOD_MATCH = YES;
				CODE_SIGN_IDENTITY = "iPhone Developer";
				COPY_PHASE_STRIP = NO;
				DEBUG_INFORMATION_FORMAT = dwarf;
				ENABLE_STRICT_OBJC_MSGSEND = YES;
				ENABLE_TESTABILITY = YES;
				GCC_C_LANGUAGE_STANDARD = gnu11;
				GCC_DYNAMIC_NO_PIC = NO;
				GCC_NO_COMMON_BLOCKS = YES;
				GCC_OPTIMIZATION_LEVEL = 0;
				GCC_PREPROCESSOR_DEFINITIONS = (
					"DEBUG=1",
					"$(inherited)",
				);
				GCC_WARN_64_TO_32_BIT_CONVERSION = YES;
				GCC_WARN_ABOUT_RETURN_TYPE = YES_ERROR;
				GCC_WARN_UNDECLARED_SELECTOR = YES;
				GCC_WARN_UNINITIALIZED_AUTOS = YES_AGGRESSIVE;
				GCC_WARN_UNUSED_FUNCTION = YES;
				GCC_WARN_UNUSED_VARIABLE = YES;
				IPHONEOS_DEPLOYMENT_TARGET = 11.4;
				MTL_ENABLE_DEBUG_INFO = YES;
				ONLY_ACTIVE_ARCH = YES;
				SDKROOT = iphoneos;
				SWIFT_ACTIVE_COMPILATION_CONDITIONS = DEBUG;
				SWIFT_OPTIMIZATION_LEVEL = "-Onone";
			};
			name = Debug;
		};
		1111B5A821324ACF007B613C /* Release */ = {
			isa = XCBuildConfiguration;
			buildSettings = {
				ALWAYS_SEARCH_USER_PATHS = NO;
				CLANG_ANALYZER_NONNULL = YES;
				CLANG_ANALYZER_NUMBER_OBJECT_CONVERSION = YES_AGGRESSIVE;
				CLANG_CXX_LANGUAGE_STANDARD = "gnu++14";
				CLANG_CXX_LIBRARY = "libc++";
				CLANG_ENABLE_MODULES = YES;
				CLANG_ENABLE_OBJC_ARC = YES;
				CLANG_ENABLE_OBJC_WEAK = YES;
				CLANG_WARN_BLOCK_CAPTURE_AUTORELEASING = YES;
				CLANG_WARN_BOOL_CONVERSION = YES;
				CLANG_WARN_COMMA = YES;
				CLANG_WARN_CONSTANT_CONVERSION = YES;
				CLANG_WARN_DEPRECATED_OBJC_IMPLEMENTATIONS = YES;
				CLANG_WARN_DIRECT_OBJC_ISA_USAGE = YES_ERROR;
				CLANG_WARN_DOCUMENTATION_COMMENTS = YES;
				CLANG_WARN_EMPTY_BODY = YES;
				CLANG_WARN_ENUM_CONVERSION = YES;
				CLANG_WARN_INFINITE_RECURSION = YES;
				CLANG_WARN_INT_CONVERSION = YES;
				CLANG_WARN_NON_LITERAL_NULL_CONVERSION = YES;
				CLANG_WARN_OBJC_IMPLICIT_RETAIN_SELF = YES;
				CLANG_WARN_OBJC_LITERAL_CONVERSION = YES;
				CLANG_WARN_OBJC_ROOT_CLASS = YES_ERROR;
				CLANG_WARN_RANGE_LOOP_ANALYSIS = YES;
				CLANG_WARN_STRICT_PROTOTYPES = YES;
				CLANG_WARN_SUSPICIOUS_MOVE = YES;
				CLANG_WARN_UNGUARDED_AVAILABILITY = YES_AGGRESSIVE;
				CLANG_WARN_UNREACHABLE_CODE = YES;
				CLANG_WARN__DUPLICATE_METHOD_MATCH = YES;
				CODE_SIGN_IDENTITY = "iPhone Developer";
				COPY_PHASE_STRIP = NO;
				DEBUG_INFORMATION_FORMAT = "dwarf-with-dsym";
				ENABLE_NS_ASSERTIONS = NO;
				ENABLE_STRICT_OBJC_MSGSEND = YES;
				GCC_C_LANGUAGE_STANDARD = gnu11;
				GCC_NO_COMMON_BLOCKS = YES;
				GCC_WARN_64_TO_32_BIT_CONVERSION = YES;
				GCC_WARN_ABOUT_RETURN_TYPE = YES_ERROR;
				GCC_WARN_UNDECLARED_SELECTOR = YES;
				GCC_WARN_UNINITIALIZED_AUTOS = YES_AGGRESSIVE;
				GCC_WARN_UNUSED_FUNCTION = YES;
				GCC_WARN_UNUSED_VARIABLE = YES;
				IPHONEOS_DEPLOYMENT_TARGET = 11.4;
				MTL_ENABLE_DEBUG_INFO = NO;
				SDKROOT = iphoneos;
				SWIFT_COMPILATION_MODE = wholemodule;
				SWIFT_OPTIMIZATION_LEVEL = "-O";
				VALIDATE_PRODUCT = YES;
			};
			name = Release;
		};
		1111B5AA21324ACF007B613C /* Debug */ = {
			isa = XCBuildConfiguration;
			buildSettings = {
				ASSETCATALOG_COMPILER_APPICON_NAME = AppIcon;
				CODE_SIGN_IDENTITY = "iPhone Distribution";
				CODE_SIGN_STYLE = Manual;
				DEVELOPMENT_TEAM = 557V438TTQ;
				INFOPLIST_FILE = Set/Info.plist;
				LD_RUNPATH_SEARCH_PATHS = (
					"$(inherited)",
					"@executable_path/Frameworks",
				);
				PRODUCT_BUNDLE_IDENTIFIER = TJH.Set;
				PRODUCT_NAME = "$(TARGET_NAME)";
				PROVISIONING_PROFILE_SPECIFIER = ttoocool;
				SWIFT_VERSION = 4.2;
				TARGETED_DEVICE_FAMILY = "1,2";
			};
			name = Debug;
		};
		1111B5AB21324ACF007B613C /* Release */ = {
			isa = XCBuildConfiguration;
			buildSettings = {
				ASSETCATALOG_COMPILER_APPICON_NAME = AppIcon;
				CODE_SIGN_IDENTITY = "iPhone Distribution";
				CODE_SIGN_STYLE = Manual;
				DEVELOPMENT_TEAM = 557V438TTQ;
				INFOPLIST_FILE = Set/Info.plist;
				LD_RUNPATH_SEARCH_PATHS = (
					"$(inherited)",
					"@executable_path/Frameworks",
				);
				PRODUCT_BUNDLE_IDENTIFIER = TJH.Set;
				PRODUCT_NAME = "$(TARGET_NAME)";
				PROVISIONING_PROFILE_SPECIFIER = ttoocool;
				SWIFT_VERSION = 4.2;
				TARGETED_DEVICE_FAMILY = "1,2";
			};
			name = Release;
		};
/* End XCBuildConfiguration section */

/* Begin XCConfigurationList section */
		1111B59221324ACD007B613C /* Build configuration list for PBXProject "Set" */ = {
			isa = XCConfigurationList;
			buildConfigurations = (
				1111B5A721324ACF007B613C /* Debug */,
				1111B5A821324ACF007B613C /* Release */,
			);
			defaultConfigurationIsVisible = 0;
			defaultConfigurationName = Release;
		};
		1111B5A921324ACF007B613C /* Build configuration list for PBXNativeTarget "Set" */ = {
			isa = XCConfigurationList;
			buildConfigurations = (
				1111B5AA21324ACF007B613C /* Debug */,
				1111B5AB21324ACF007B613C /* Release */,
			);
			defaultConfigurationIsVisible = 0;
			defaultConfigurationName = Release;
		};
/* End XCConfigurationList section */
	};
	rootObject = 1111B58F21324ACD007B613C /* Project object */;
}
